
Microsoft Visual Studio Solution File, Format Version 12.00
# Visual Studio 15
VisualStudioVersion = 15.0.28307.902
MinimumVisualStudioVersion = 10.0.40219.1
Project("{FAE04EC0-301F-11D3-BF4B-00C04F79EFBC}") = "Flower", "Flower\Flower.csproj", "{03AB890A-7CC4-40D9-8036-62F4CD1C89C2}"
EndProject
Project("{FAE04EC0-301F-11D3-BF4B-00C04F79EFBC}") = "HPIT.FL", "HPIT.FL\HPIT.FL.csproj", "{DB4822FF-1258-4D6E-AE63-5C80DB646C3F}"
EndProject
Global
	GlobalSection(SolutionConfigurationPlatforms) = preSolution
		Debug|Any CPU = Debug|Any CPU
		Release|Any CPU = Release|Any CPU
	EndGlobalSection
	GlobalSection(ProjectConfigurationPlatforms) = postSolution
		{03AB890A-7CC4-40D9-8036-62F4CD1C89C2}.Debug|Any CPU.ActiveCfg = Debug|Any CPU
		{03AB890A-7CC4-40D9-8036-62F4CD1C89C2}.Debug|Any CPU.Build.0 = Debug|Any CPU
		{03AB890A-7CC4-40D9-8036-62F4CD1C89C2}.Release|Any CPU.ActiveCfg = Release|Any CPU
		{03AB890A-7CC4-40D9-8036-62F4CD1C89C2}.Release|Any CPU.Build.0 = Release|Any CPU
		{DB4822FF-1258-4D6E-AE63-5C80DB646C3F}.Debug|Any CPU.ActiveCfg = Debug|Any CPU
		{DB4822FF-1258-4D6E-AE63-5C80DB646C3F}.Debug|Any CPU.Build.0 = Debug|Any CPU
		{DB4822FF-1258-4D6E-AE63-5C80DB646C3F}.Release|Any CPU.ActiveCfg = Release|Any CPU
		{DB4822FF-1258-4D6E-AE63-5C80DB646C3F}.Release|Any CPU.Build.0 = Release|Any CPU
	EndGlobalSection
	GlobalSection(SolutionProperties) = preSolution
		HideSolutionNode = FALSE
	EndGlobalSection
	GlobalSection(ExtensibilityGlobals) = postSolution
		SolutionGuid = {DA7E4148-9A0C-4B9B-A358-7D08FB17DBA0}
	EndGlobalSection
EndGlobal
